// !$*UTF8*$!
{
	archiveVersion = 1;
	classes = {
	};
	objectVersion = 55;
	objects = {

/* Begin PBXBuildFile section */
		774280732CBC61370073F8AD /* AppDelegate.swift in Sources */ = {isa = PBXBuildFile; fileRef = 774280722CBC61370073F8AD /* AppDelegate.swift */; };
		774280752CBC61370073F8AD /* SceneDelegate.swift in Sources */ = {isa = PBXBuildFile; fileRef = 774280742CBC61370073F8AD /* SceneDelegate.swift */; };
		774280772CBC61370073F8AD /* ViewController.swift in Sources */ = {isa = PBXBuildFile; fileRef = 774280762CBC61370073F8AD /* ViewController.swift */; };
		7742807A2CBC61370073F8AD /* Main.storyboard in Resources */ = {isa = PBXBuildFile; fileRef = 774280782CBC61370073F8AD /* Main.storyboard */; };
		7742807D2CBC61370073F8AD /* ContactApp.xcdatamodeld in Sources */ = {isa = PBXBuildFile; fileRef = 7742807B2CBC61370073F8AD /* ContactApp.xcdatamodeld */; };
		7742807F2CBC613B0073F8AD /* Assets.xcassets in Resources */ = {isa = PBXBuildFile; fileRef = 7742807E2CBC613B0073F8AD /* Assets.xcassets */; };
		774280822CBC613B0073F8AD /* LaunchScreen.storyboard in Resources */ = {isa = PBXBuildFile; fileRef = 774280802CBC613B0073F8AD /* LaunchScreen.storyboard */; };
		7742808D2CBC613B0073F8AD /* ContactAppTests.swift in Sources */ = {isa = PBXBuildFile; fileRef = 7742808C2CBC613B0073F8AD /* ContactAppTests.swift */; };
		774280972CBC613B0073F8AD /* ContactAppUITests.swift in Sources */ = {isa = PBXBuildFile; fileRef = 774280962CBC613B0073F8AD /* ContactAppUITests.swift */; };
		774280992CBC613B0073F8AD /* ContactAppUITestsLaunchTests.swift in Sources */ = {isa = PBXBuildFile; fileRef = 774280982CBC613B0073F8AD /* ContactAppUITestsLaunchTests.swift */; };
		77C931932CBC774E00518996 /* ContactTableViewCell.swift in Sources */ = {isa = PBXBuildFile; fileRef = 77C931912CBC774E00518996 /* ContactTableViewCell.swift */; };
		77C931942CBC774E00518996 /* ContactTableViewCell.xib in Resources */ = {isa = PBXBuildFile; fileRef = 77C931922CBC774E00518996 /* ContactTableViewCell.xib */; };
		77C931972CBC8AF300518996 /* CoreDataStack.swift in Sources */ = {isa = PBXBuildFile; fileRef = 77C931962CBC8AF300518996 /* CoreDataStack.swift */; };
		77C931992CBC930500518996 /* MainController.swift in Sources */ = {isa = PBXBuildFile; fileRef = 77C931982CBC930500518996 /* MainController.swift */; };
		77CA81012CBCE0A500784C07 /* AddContactViewController.swift in Sources */ = {isa = PBXBuildFile; fileRef = 77CA80FF2CBCE0A500784C07 /* AddContactViewController.swift */; };
		77CA81022CBCE0A500784C07 /* AddContactViewController.xib in Resources */ = {isa = PBXBuildFile; fileRef = 77CA81002CBCE0A500784C07 /* AddContactViewController.xib */; };
/* End PBXBuildFile section */

/* Begin PBXContainerItemProxy section */
		774280892CBC613B0073F8AD /* PBXContainerItemProxy */ = {
			isa = PBXContainerItemProxy;
			containerPortal = 774280672CBC61370073F8AD /* Project object */;
			proxyType = 1;
			remoteGlobalIDString = 7742806E2CBC61370073F8AD;
			remoteInfo = ContactApp;
		};
		774280932CBC613B0073F8AD /* PBXContainerItemProxy */ = {
			isa = PBXContainerItemProxy;
			containerPortal = 774280672CBC61370073F8AD /* Project object */;
			proxyType = 1;
			remoteGlobalIDString = 7742806E2CBC61370073F8AD;
			remoteInfo = ContactApp;
		};
/* End PBXContainerItemProxy section */

/* Begin PBXFileReference section */
		7742806F2CBC61370073F8AD /* ContactApp.app */ = {isa = PBXFileReference; explicitFileType = wrapper.application; includeInIndex = 0; path = ContactApp.app; sourceTree = BUILT_PRODUCTS_DIR; };
		774280722CBC61370073F8AD /* AppDelegate.swift */ = {isa = PBXFileReference; lastKnownFileType = sourcecode.swift; path = AppDelegate.swift; sourceTree = "<group>"; };
		774280742CBC61370073F8AD /* SceneDelegate.swift */ = {isa = PBXFileReference; lastKnownFileType = sourcecode.swift; path = SceneDelegate.swift; sourceTree = "<group>"; };
		774280762CBC61370073F8AD /* ViewController.swift */ = {isa = PBXFileReference; lastKnownFileType = sourcecode.swift; path = ViewController.swift; sourceTree = "<group>"; };
		774280792CBC61370073F8AD /* Base */ = {isa = PBXFileReference; lastKnownFileType = file.storyboard; name = Base; path = Base.lproj/Main.storyboard; sourceTree = "<group>"; };
		7742807C2CBC61370073F8AD /* ContactApp.xcdatamodel */ = {isa = PBXFileReference; lastKnownFileType = wrapper.xcdatamodel; path = ContactApp.xcdatamodel; sourceTree = "<group>"; };
		7742807E2CBC613B0073F8AD /* Assets.xcassets */ = {isa = PBXFileReference; lastKnownFileType = folder.assetcatalog; path = Assets.xcassets; sourceTree = "<group>"; };
		774280812CBC613B0073F8AD /* Base */ = {isa = PBXFileReference; lastKnownFileType = file.storyboard; name = Base; path = Base.lproj/LaunchScreen.storyboard; sourceTree = "<group>"; };
		774280832CBC613B0073F8AD /* Info.plist */ = {isa = PBXFileReference; lastKnownFileType = text.plist.xml; path = Info.plist; sourceTree = "<group>"; };
		774280882CBC613B0073F8AD /* ContactAppTests.xctest */ = {isa = PBXFileReference; explicitFileType = wrapper.cfbundle; includeInIndex = 0; path = ContactAppTests.xctest; sourceTree = BUILT_PRODUCTS_DIR; };
		7742808C2CBC613B0073F8AD /* ContactAppTests.swift */ = {isa = PBXFileReference; lastKnownFileType = sourcecode.swift; path = ContactAppTests.swift; sourceTree = "<group>"; };
		774280922CBC613B0073F8AD /* ContactAppUITests.xctest */ = {isa = PBXFileReference; explicitFileType = wrapper.cfbundle; includeInIndex = 0; path = ContactAppUITests.xctest; sourceTree = BUILT_PRODUCTS_DIR; };
		774280962CBC613B0073F8AD /* ContactAppUITests.swift */ = {isa = PBXFileReference; lastKnownFileType = sourcecode.swift; path = ContactAppUITests.swift; sourceTree = "<group>"; };
		774280982CBC613B0073F8AD /* ContactAppUITestsLaunchTests.swift */ = {isa = PBXFileReference; lastKnownFileType = sourcecode.swift; path = ContactAppUITestsLaunchTests.swift; sourceTree = "<group>"; };
		77C931912CBC774E00518996 /* ContactTableViewCell.swift */ = {isa = PBXFileReference; lastKnownFileType = sourcecode.swift; path = ContactTableViewCell.swift; sourceTree = "<group>"; };
		77C931922CBC774E00518996 /* ContactTableViewCell.xib */ = {isa = PBXFileReference; lastKnownFileType = file.xib; path = ContactTableViewCell.xib; sourceTree = "<group>"; };
		77C931962CBC8AF300518996 /* CoreDataStack.swift */ = {isa = PBXFileReference; lastKnownFileType = sourcecode.swift; path = CoreDataStack.swift; sourceTree = "<group>"; };
		77C931982CBC930500518996 /* MainController.swift */ = {isa = PBXFileReference; lastKnownFileType = sourcecode.swift; path = MainController.swift; sourceTree = "<group>"; };
		77CA80FF2CBCE0A500784C07 /* AddContactViewController.swift */ = {isa = PBXFileReference; lastKnownFileType = sourcecode.swift; path = AddContactViewController.swift; sourceTree = "<group>"; };
		77CA81002CBCE0A500784C07 /* AddContactViewController.xib */ = {isa = PBXFileReference; lastKnownFileType = file.xib; path = AddContactViewController.xib; sourceTree = "<group>"; };
/* End PBXFileReference section */

/* Begin PBXFrameworksBuildPhase section */
		7742806C2CBC61370073F8AD /* Frameworks */ = {
			isa = PBXFrameworksBuildPhase;
			buildActionMask = 2147483647;
			files = (
			);
			runOnlyForDeploymentPostprocessing = 0;
		};
		774280852CBC613B0073F8AD /* Frameworks */ = {
			isa = PBXFrameworksBuildPhase;
			buildActionMask = 2147483647;
			files = (
			);
			runOnlyForDeploymentPostprocessing = 0;
		};
		7742808F2CBC613B0073F8AD /* Frameworks */ = {
			isa = PBXFrameworksBuildPhase;
			buildActionMask = 2147483647;
			files = (
			);
			runOnlyForDeploymentPostprocessing = 0;
		};
/* End PBXFrameworksBuildPhase section */

/* Begin PBXGroup section */
		774280662CBC61370073F8AD = {
			isa = PBXGroup;
			children = (
				774280712CBC61370073F8AD /* ContactApp */,
				7742808B2CBC613B0073F8AD /* ContactAppTests */,
				774280952CBC613B0073F8AD /* ContactAppUITests */,
				774280702CBC61370073F8AD /* Products */,
			);
			sourceTree = "<group>";
		};
		774280702CBC61370073F8AD /* Products */ = {
			isa = PBXGroup;
			children = (
				7742806F2CBC61370073F8AD /* ContactApp.app */,
				774280882CBC613B0073F8AD /* ContactAppTests.xctest */,
				774280922CBC613B0073F8AD /* ContactAppUITests.xctest */,
			);
			name = Products;
			sourceTree = "<group>";
		};
		774280712CBC61370073F8AD /* ContactApp */ = {
			isa = PBXGroup;
			children = (
				77C931952CBC8AC700518996 /* CoreData */,
				77C9318F2CBC76FE00518996 /* Views */,
				774280722CBC61370073F8AD /* AppDelegate.swift */,
				774280742CBC61370073F8AD /* SceneDelegate.swift */,
				7742807E2CBC613B0073F8AD /* Assets.xcassets */,
				774280802CBC613B0073F8AD /* LaunchScreen.storyboard */,
				774280832CBC613B0073F8AD /* Info.plist */,
			);
			path = ContactApp;
			sourceTree = "<group>";
		};
		7742808B2CBC613B0073F8AD /* ContactAppTests */ = {
			isa = PBXGroup;
			children = (
				7742808C2CBC613B0073F8AD /* ContactAppTests.swift */,
			);
			path = ContactAppTests;
			sourceTree = "<group>";
		};
		774280952CBC613B0073F8AD /* ContactAppUITests */ = {
			isa = PBXGroup;
			children = (
				774280962CBC613B0073F8AD /* ContactAppUITests.swift */,
				774280982CBC613B0073F8AD /* ContactAppUITestsLaunchTests.swift */,
			);
			path = ContactAppUITests;
			sourceTree = "<group>";
		};
		77C9318F2CBC76FE00518996 /* Views */ = {
			isa = PBXGroup;
			children = (
				77CA80FE2CBCDFA500784C07 /* AddContacts */,
				77CA80FD2CBCDF6C00784C07 /* MainView */,
				77C931902CBC771D00518996 /* Cells */,
			);
			path = Views;
			sourceTree = "<group>";
		};
		77C931902CBC771D00518996 /* Cells */ = {
			isa = PBXGroup;
			children = (
				77C931912CBC774E00518996 /* ContactTableViewCell.swift */,
				77C931922CBC774E00518996 /* ContactTableViewCell.xib */,
			);
			path = Cells;
			sourceTree = "<group>";
		};
		77C931952CBC8AC700518996 /* CoreData */ = {
			isa = PBXGroup;
			children = (
				7742807B2CBC61370073F8AD /* ContactApp.xcdatamodeld */,
				77C931962CBC8AF300518996 /* CoreDataStack.swift */,
			);
			path = CoreData;
			sourceTree = "<group>";
		};
		77CA80FD2CBCDF6C00784C07 /* MainView */ = {
			isa = PBXGroup;
			children = (
				774280782CBC61370073F8AD /* Main.storyboard */,
				774280762CBC61370073F8AD /* ViewController.swift */,
				77C931982CBC930500518996 /* MainController.swift */,
			);
			path = MainView;
			sourceTree = "<group>";
		};
		77CA80FE2CBCDFA500784C07 /* AddContacts */ = {
			isa = PBXGroup;
			children = (
				77CA80FF2CBCE0A500784C07 /* AddContactViewController.swift */,
				77CA81002CBCE0A500784C07 /* AddContactViewController.xib */,
			);
			path = AddContacts;
			sourceTree = "<group>";
		};
/* End PBXGroup section */

/* Begin PBXNativeTarget section */
		7742806E2CBC61370073F8AD /* ContactApp */ = {
			isa = PBXNativeTarget;
			buildConfigurationList = 7742809C2CBC613B0073F8AD /* Build configuration list for PBXNativeTarget "ContactApp" */;
			buildPhases = (
				7742806B2CBC61370073F8AD /* Sources */,
				7742806C2CBC61370073F8AD /* Frameworks */,
				7742806D2CBC61370073F8AD /* Resources */,
			);
			buildRules = (
			);
			dependencies = (
			);
			name = ContactApp;
			productName = ContactApp;
			productReference = 7742806F2CBC61370073F8AD /* ContactApp.app */;
			productType = "com.apple.product-type.application";
		};
		774280872CBC613B0073F8AD /* ContactAppTests */ = {
			isa = PBXNativeTarget;
			buildConfigurationList = 7742809F2CBC613B0073F8AD /* Build configuration list for PBXNativeTarget "ContactAppTests" */;
			buildPhases = (
				774280842CBC613B0073F8AD /* Sources */,
				774280852CBC613B0073F8AD /* Frameworks */,
				774280862CBC613B0073F8AD /* Resources */,
			);
			buildRules = (
			);
			dependencies = (
				7742808A2CBC613B0073F8AD /* PBXTargetDependency */,
			);
			name = ContactAppTests;
			productName = ContactAppTests;
			productReference = 774280882CBC613B0073F8AD /* ContactAppTests.xctest */;
			productType = "com.apple.product-type.bundle.unit-test";
		};
		774280912CBC613B0073F8AD /* ContactAppUITests */ = {
			isa = PBXNativeTarget;
			buildConfigurationList = 774280A22CBC613B0073F8AD /* Build configuration list for PBXNativeTarget "ContactAppUITests" */;
			buildPhases = (
				7742808E2CBC613B0073F8AD /* Sources */,
				7742808F2CBC613B0073F8AD /* Frameworks */,
				774280902CBC613B0073F8AD /* Resources */,
			);
			buildRules = (
			);
			dependencies = (
				774280942CBC613B0073F8AD /* PBXTargetDependency */,
			);
			name = ContactAppUITests;
			productName = ContactAppUITests;
			productReference = 774280922CBC613B0073F8AD /* ContactAppUITests.xctest */;
			productType = "com.apple.product-type.bundle.ui-testing";
		};
/* End PBXNativeTarget section */

/* Begin PBXProject section */
		774280672CBC61370073F8AD /* Project object */ = {
			isa = PBXProject;
			attributes = {
				BuildIndependentTargetsInParallel = 1;
				LastSwiftUpdateCheck = 1320;
				LastUpgradeCheck = 1320;
				TargetAttributes = {
					7742806E2CBC61370073F8AD = {
						CreatedOnToolsVersion = 13.2.1;
					};
					774280872CBC613B0073F8AD = {
						CreatedOnToolsVersion = 13.2.1;
						TestTargetID = 7742806E2CBC61370073F8AD;
					};
					774280912CBC613B0073F8AD = {
						CreatedOnToolsVersion = 13.2.1;
						TestTargetID = 7742806E2CBC61370073F8AD;
					};
				};
			};
			buildConfigurationList = 7742806A2CBC61370073F8AD /* Build configuration list for PBXProject "ContactApp" */;
			compatibilityVersion = "Xcode 13.0";
			developmentRegion = en;
			hasScannedForEncodings = 0;
			knownRegions = (
				en,
				Base,
			);
			mainGroup = 774280662CBC61370073F8AD;
			productRefGroup = 774280702CBC61370073F8AD /* Products */;
			projectDirPath = "";
			projectRoot = "";
			targets = (
				7742806E2CBC61370073F8AD /* ContactApp */,
				774280872CBC613B0073F8AD /* ContactAppTests */,
				774280912CBC613B0073F8AD /* ContactAppUITests */,
			);
		};
/* End PBXProject section */

/* Begin PBXResourcesBuildPhase section */
		7742806D2CBC61370073F8AD /* Resources */ = {
			isa = PBXResourcesBuildPhase;
			buildActionMask = 2147483647;
			files = (
				77C931942CBC774E00518996 /* ContactTableViewCell.xib in Resources */,
				774280822CBC613B0073F8AD /* LaunchScreen.storyboard in Resources */,
				7742807F2CBC613B0073F8AD /* Assets.xcassets in Resources */,
				77CA81022CBCE0A500784C07 /* AddContactViewController.xib in Resources */,
				7742807A2CBC61370073F8AD /* Main.storyboard in Resources */,
			);
			runOnlyForDeploymentPostprocessing = 0;
		};
		774280862CBC613B0073F8AD /* Resources */ = {
			isa = PBXResourcesBuildPhase;
			buildActionMask = 2147483647;
			files = (
			);
			runOnlyForDeploymentPostprocessing = 0;
		};
		774280902CBC613B0073F8AD /* Resources */ = {
			isa = PBXResourcesBuildPhase;
			buildActionMask = 2147483647;
			files = (
			);
			runOnlyForDeploymentPostprocessing = 0;
		};
/* End PBXResourcesBuildPhase section */

/* Begin PBXSourcesBuildPhase section */
		7742806B2CBC61370073F8AD /* Sources */ = {
			isa = PBXSourcesBuildPhase;
			buildActionMask = 2147483647;
			files = (
				7742807D2CBC61370073F8AD /* ContactApp.xcdatamodeld in Sources */,
				77C931992CBC930500518996 /* MainController.swift in Sources */,
				77C931932CBC774E00518996 /* ContactTableViewCell.swift in Sources */,
				774280772CBC61370073F8AD /* ViewController.swift in Sources */,
				77C931972CBC8AF300518996 /* CoreDataStack.swift in Sources */,
				77CA81012CBCE0A500784C07 /* AddContactViewController.swift in Sources */,
				774280732CBC61370073F8AD /* AppDelegate.swift in Sources */,
				774280752CBC61370073F8AD /* SceneDelegate.swift in Sources */,
			);
			runOnlyForDeploymentPostprocessing = 0;
		};
		774280842CBC613B0073F8AD /* Sources */ = {
			isa = PBXSourcesBuildPhase;
			buildActionMask = 2147483647;
			files = (
				7742808D2CBC613B0073F8AD /* ContactAppTests.swift in Sources */,
			);
			runOnlyForDeploymentPostprocessing = 0;
		};
		7742808E2CBC613B0073F8AD /* Sources */ = {
			isa = PBXSourcesBuildPhase;
			buildActionMask = 2147483647;
			files = (
				774280972CBC613B0073F8AD /* ContactAppUITests.swift in Sources */,
				774280992CBC613B0073F8AD /* ContactAppUITestsLaunchTests.swift in Sources */,
			);
			runOnlyForDeploymentPostprocessing = 0;
		};
/* End PBXSourcesBuildPhase section */

/* Begin PBXTargetDependency section */
		7742808A2CBC613B0073F8AD /* PBXTargetDependency */ = {
			isa = PBXTargetDependency;
			target = 7742806E2CBC61370073F8AD /* ContactApp */;
			targetProxy = 774280892CBC613B0073F8AD /* PBXContainerItemProxy */;
		};
		774280942CBC613B0073F8AD /* PBXTargetDependency */ = {
			isa = PBXTargetDependency;
			target = 7742806E2CBC61370073F8AD /* ContactApp */;
			targetProxy = 774280932CBC613B0073F8AD /* PBXContainerItemProxy */;
		};
/* End PBXTargetDependency section */

/* Begin PBXVariantGroup section */
		774280782CBC61370073F8AD /* Main.storyboard */ = {
			isa = PBXVariantGroup;
			children = (
				774280792CBC61370073F8AD /* Base */,
			);
			name = Main.storyboard;
			sourceTree = "<group>";
		};
		774280802CBC613B0073F8AD /* LaunchScreen.storyboard */ = {
			isa = PBXVariantGroup;
			children = (
				774280812CBC613B0073F8AD /* Base */,
			);
			name = LaunchScreen.storyboard;
			sourceTree = "<group>";
		};
/* End PBXVariantGroup section */

/* Begin XCBuildConfiguration section */
		7742809A2CBC613B0073F8AD /* Debug */ = {
			isa = XCBuildConfiguration;
			buildSettings = {
				ALWAYS_SEARCH_USER_PATHS = NO;
				CLANG_ANALYZER_NONNULL = YES;
				CLANG_ANALYZER_NUMBER_OBJECT_CONVERSION = YES_AGGRESSIVE;
				CLANG_CXX_LANGUAGE_STANDARD = "gnu++17";
				CLANG_CXX_LIBRARY = "libc++";
				CLANG_ENABLE_MODULES = YES;
				CLANG_ENABLE_OBJC_ARC = YES;
				CLANG_ENABLE_OBJC_WEAK = YES;
				CLANG_WARN_BLOCK_CAPTURE_AUTORELEASING = YES;
				CLANG_WARN_BOOL_CONVERSION = YES;
				CLANG_WARN_COMMA = YES;
				CLANG_WARN_CONSTANT_CONVERSION = YES;
				CLANG_WARN_DEPRECATED_OBJC_IMPLEMENTATIONS = YES;
				CLANG_WARN_DIRECT_OBJC_ISA_USAGE = YES_ERROR;
				CLANG_WARN_DOCUMENTATION_COMMENTS = YES;
				CLANG_WARN_EMPTY_BODY = YES;
				CLANG_WARN_ENUM_CONVERSION = YES;
				CLANG_WARN_INFINITE_RECURSION = YES;
				CLANG_WARN_INT_CONVERSION = YES;
				CLANG_WARN_NON_LITERAL_NULL_CONVERSION = YES;
				CLANG_WARN_OBJC_IMPLICIT_RETAIN_SELF = YES;
				CLANG_WARN_OBJC_LITERAL_CONVERSION = YES;
				CLANG_WARN_OBJC_ROOT_CLASS = YES_ERROR;
				CLANG_WARN_QUOTED_INCLUDE_IN_FRAMEWORK_HEADER = YES;
				CLANG_WARN_RANGE_LOOP_ANALYSIS = YES;
				CLANG_WARN_STRICT_PROTOTYPES = YES;
				CLANG_WARN_SUSPICIOUS_MOVE = YES;
				CLANG_WARN_UNGUARDED_AVAILABILITY = YES_AGGRESSIVE;
				CLANG_WARN_UNREACHABLE_CODE = YES;
				CLANG_WARN__DUPLICATE_METHOD_MATCH = YES;
				COPY_PHASE_STRIP = NO;
				DEBUG_INFORMATION_FORMAT = dwarf;
				ENABLE_STRICT_OBJC_MSGSEND = YES;
				ENABLE_TESTABILITY = YES;
				GCC_C_LANGUAGE_STANDARD = gnu11;
				GCC_DYNAMIC_NO_PIC = NO;
				GCC_NO_COMMON_BLOCKS = YES;
				GCC_OPTIMIZATION_LEVEL = 0;
				GCC_PREPROCESSOR_DEFINITIONS = (
					"DEBUG=1",
					"$(inherited)",
				);
				GCC_WARN_64_TO_32_BIT_CONVERSION = YES;
				GCC_WARN_ABOUT_RETURN_TYPE = YES_ERROR;
				GCC_WARN_UNDECLARED_SELECTOR = YES;
				GCC_WARN_UNINITIALIZED_AUTOS = YES_AGGRESSIVE;
				GCC_WARN_UNUSED_FUNCTION = YES;
				GCC_WARN_UNUSED_VARIABLE = YES;
				IPHONEOS_DEPLOYMENT_TARGET = 15.2;
				MTL_ENABLE_DEBUG_INFO = INCLUDE_SOURCE;
				MTL_FAST_MATH = YES;
				ONLY_ACTIVE_ARCH = YES;
				SDKROOT = iphoneos;
				SWIFT_ACTIVE_COMPILATION_CONDITIONS = DEBUG;
				SWIFT_OPTIMIZATION_LEVEL = "-Onone";
			};
			name = Debug;
		};
		7742809B2CBC613B0073F8AD /* Release */ = {
			isa = XCBuildConfiguration;
			buildSettings = {
				ALWAYS_SEARCH_USER_PATHS = NO;
				CLANG_ANALYZER_NONNULL = YES;
				CLANG_ANALYZER_NUMBER_OBJECT_CONVERSION = YES_AGGRESSIVE;
				CLANG_CXX_LANGUAGE_STANDARD = "gnu++17";
				CLANG_CXX_LIBRARY = "libc++";
				CLANG_ENABLE_MODULES = YES;
				CLANG_ENABLE_OBJC_ARC = YES;
				CLANG_ENABLE_OBJC_WEAK = YES;
				CLANG_WARN_BLOCK_CAPTURE_AUTORELEASING = YES;
				CLANG_WARN_BOOL_CONVERSION = YES;
				CLANG_WARN_COMMA = YES;
				CLANG_WARN_CONSTANT_CONVERSION = YES;
				CLANG_WARN_DEPRECATED_OBJC_IMPLEMENTATIONS = YES;
				CLANG_WARN_DIRECT_OBJC_ISA_USAGE = YES_ERROR;
				CLANG_WARN_DOCUMENTATION_COMMENTS = YES;
				CLANG_WARN_EMPTY_BODY = YES;
				CLANG_WARN_ENUM_CONVERSION = YES;
				CLANG_WARN_INFINITE_RECURSION = YES;
				CLANG_WARN_INT_CONVERSION = YES;
				CLANG_WARN_NON_LITERAL_NULL_CONVERSION = YES;
				CLANG_WARN_OBJC_IMPLICIT_RETAIN_SELF = YES;
				CLANG_WARN_OBJC_LITERAL_CONVERSION = YES;
				CLANG_WARN_OBJC_ROOT_CLASS = YES_ERROR;
				CLANG_WARN_QUOTED_INCLUDE_IN_FRAMEWORK_HEADER = YES;
				CLANG_WARN_RANGE_LOOP_ANALYSIS = YES;
				CLANG_WARN_STRICT_PROTOTYPES = YES;
				CLANG_WARN_SUSPICIOUS_MOVE = YES;
				CLANG_WARN_UNGUARDED_AVAILABILITY = YES_AGGRESSIVE;
				CLANG_WARN_UNREACHABLE_CODE = YES;
				CLANG_WARN__DUPLICATE_METHOD_MATCH = YES;
				COPY_PHASE_STRIP = NO;
				DEBUG_INFORMATION_FORMAT = "dwarf-with-dsym";
				ENABLE_NS_ASSERTIONS = NO;
				ENABLE_STRICT_OBJC_MSGSEND = YES;
				GCC_C_LANGUAGE_STANDARD = gnu11;
				GCC_NO_COMMON_BLOCKS = YES;
				GCC_WARN_64_TO_32_BIT_CONVERSION = YES;
				GCC_WARN_ABOUT_RETURN_TYPE = YES_ERROR;
				GCC_WARN_UNDECLARED_SELECTOR = YES;
				GCC_WARN_UNINITIALIZED_AUTOS = YES_AGGRESSIVE;
				GCC_WARN_UNUSED_FUNCTION = YES;
				GCC_WARN_UNUSED_VARIABLE = YES;
				IPHONEOS_DEPLOYMENT_TARGET = 15.2;
				MTL_ENABLE_DEBUG_INFO = NO;
				MTL_FAST_MATH = YES;
				SDKROOT = iphoneos;
				SWIFT_COMPILATION_MODE = wholemodule;
				SWIFT_OPTIMIZATION_LEVEL = "-O";
				VALIDATE_PRODUCT = YES;
			};
			name = Release;
		};
		7742809D2CBC613B0073F8AD /* Debug */ = {
			isa = XCBuildConfiguration;
			buildSettings = {
				ASSETCATALOG_COMPILER_APPICON_NAME = AppIcon;
				ASSETCATALOG_COMPILER_GLOBAL_ACCENT_COLOR_NAME = AccentColor;
				CODE_SIGN_STYLE = Automatic;
				CURRENT_PROJECT_VERSION = 1;
				GENERATE_INFOPLIST_FILE = YES;
				INFOPLIST_FILE = ContactApp/Info.plist;
				INFOPLIST_KEY_UIApplicationSupportsIndirectInputEvents = YES;
				INFOPLIST_KEY_UILaunchStoryboardName = LaunchScreen;
				INFOPLIST_KEY_UIMainStoryboardFile = Main;
				INFOPLIST_KEY_UISupportedInterfaceOrientations_iPad = "UIInterfaceOrientationPortrait UIInterfaceOrientationPortraitUpsideDown UIInterfaceOrientationLandscapeLeft UIInterfaceOrientationLandscapeRight";
				INFOPLIST_KEY_UISupportedInterfaceOrientations_iPhone = "UIInterfaceOrientationPortrait UIInterfaceOrientationLandscapeLeft UIInterfaceOrientationLandscapeRight";
				LD_RUNPATH_SEARCH_PATHS = (
					"$(inherited)",
					"@executable_path/Frameworks",
				);
				MARKETING_VERSION = 1.0;
				PRODUCT_BUNDLE_IDENTIFIER = hbodan.ContactApp;
				PRODUCT_NAME = "$(TARGET_NAME)";
				SWIFT_EMIT_LOC_STRINGS = YES;
				SWIFT_VERSION = 5.0;
				TARGETED_DEVICE_FAMILY = "1,2";
			};
			name = Debug;
		};
		7742809E2CBC613B0073F8AD /* Release */ = {
			isa = XCBuildConfiguration;
			buildSettings = {
				ASSETCATALOG_COMPILER_APPICON_NAME = AppIcon;
				ASSETCATALOG_COMPILER_GLOBAL_ACCENT_COLOR_NAME = AccentColor;
				CODE_SIGN_STYLE = Automatic;
				CURRENT_PROJECT_VERSION = 1;
				GENERATE_INFOPLIST_FILE = YES;
				INFOPLIST_FILE = ContactApp/Info.plist;
				INFOPLIST_KEY_UIApplicationSupportsIndirectInputEvents = YES;
				INFOPLIST_KEY_UILaunchStoryboardName = LaunchScreen;
				INFOPLIST_KEY_UIMainStoryboardFile = Main;
				INFOPLIST_KEY_UISupportedInterfaceOrientations_iPad = "UIInterfaceOrientationPortrait UIInterfaceOrientationPortraitUpsideDown UIInterfaceOrientationLandscapeLeft UIInterfaceOrientationLandscapeRight";
				INFOPLIST_KEY_UISupportedInterfaceOrientations_iPhone = "UIInterfaceOrientationPortrait UIInterfaceOrientationLandscapeLeft UIInterfaceOrientationLandscapeRight";
				LD_RUNPATH_SEARCH_PATHS = (
					"$(inherited)",
					"@executable_path/Frameworks",
				);
				MARKETING_VERSION = 1.0;
				PRODUCT_BUNDLE_IDENTIFIER = hbodan.ContactApp;
				PRODUCT_NAME = "$(TARGET_NAME)";
				SWIFT_EMIT_LOC_STRINGS = YES;
				SWIFT_VERSION = 5.0;
				TARGETED_DEVICE_FAMILY = "1,2";
			};
			name = Release;
		};
		774280A02CBC613B0073F8AD /* Debug */ = {
			isa = XCBuildConfiguration;
			buildSettings = {
				ALWAYS_EMBED_SWIFT_STANDARD_LIBRARIES = YES;
				BUNDLE_LOADER = "$(TEST_HOST)";
				CODE_SIGN_STYLE = Automatic;
				CURRENT_PROJECT_VERSION = 1;
				GENERATE_INFOPLIST_FILE = YES;
				IPHONEOS_DEPLOYMENT_TARGET = 15.2;
				MARKETING_VERSION = 1.0;
				PRODUCT_BUNDLE_IDENTIFIER = hbodan.ContactAppTests;
				PRODUCT_NAME = "$(TARGET_NAME)";
				SWIFT_EMIT_LOC_STRINGS = NO;
				SWIFT_VERSION = 5.0;
				TARGETED_DEVICE_FAMILY = "1,2";
				TEST_HOST = "$(BUILT_PRODUCTS_DIR)/ContactApp.app/ContactApp";
			};
			name = Debug;
		};
		774280A12CBC613B0073F8AD /* Release */ = {
			isa = XCBuildConfiguration;
			buildSettings = {
				ALWAYS_EMBED_SWIFT_STANDARD_LIBRARIES = YES;
				BUNDLE_LOADER = "$(TEST_HOST)";
				CODE_SIGN_STYLE = Automatic;
				CURRENT_PROJECT_VERSION = 1;
				GENERATE_INFOPLIST_FILE = YES;
				IPHONEOS_DEPLOYMENT_TARGET = 15.2;
				MARKETING_VERSION = 1.0;
				PRODUCT_BUNDLE_IDENTIFIER = hbodan.ContactAppTests;
				PRODUCT_NAME = "$(TARGET_NAME)";
				SWIFT_EMIT_LOC_STRINGS = NO;
				SWIFT_VERSION = 5.0;
				TARGETED_DEVICE_FAMILY = "1,2";
				TEST_HOST = "$(BUILT_PRODUCTS_DIR)/ContactApp.app/ContactApp";
			};
			name = Release;
		};
		774280A32CBC613B0073F8AD /* Debug */ = {
			isa = XCBuildConfiguration;
			buildSettings = {
				ALWAYS_EMBED_SWIFT_STANDARD_LIBRARIES = YES;
				CODE_SIGN_STYLE = Automatic;
				CURRENT_PROJECT_VERSION = 1;
				GENERATE_INFOPLIST_FILE = YES;
				MARKETING_VERSION = 1.0;
				PRODUCT_BUNDLE_IDENTIFIER = hbodan.ContactAppUITests;
				PRODUCT_NAME = "$(TARGET_NAME)";
				SWIFT_EMIT_LOC_STRINGS = NO;
				SWIFT_VERSION = 5.0;
				TARGETED_DEVICE_FAMILY = "1,2";
				TEST_TARGET_NAME = ContactApp;
			};
			name = Debug;
		};
		774280A42CBC613B0073F8AD /* Release */ = {
			isa = XCBuildConfiguration;
			buildSettings = {
				ALWAYS_EMBED_SWIFT_STANDARD_LIBRARIES = YES;
				CODE_SIGN_STYLE = Automatic;
				CURRENT_PROJECT_VERSION = 1;
				GENERATE_INFOPLIST_FILE = YES;
				MARKETING_VERSION = 1.0;
				PRODUCT_BUNDLE_IDENTIFIER = hbodan.ContactAppUITests;
				PRODUCT_NAME = "$(TARGET_NAME)";
				SWIFT_EMIT_LOC_STRINGS = NO;
				SWIFT_VERSION = 5.0;
				TARGETED_DEVICE_FAMILY = "1,2";
				TEST_TARGET_NAME = ContactApp;
			};
			name = Release;
		};
/* End XCBuildConfiguration section */

/* Begin XCConfigurationList section */
		7742806A2CBC61370073F8AD /* Build configuration list for PBXProject "ContactApp" */ = {
			isa = XCConfigurationList;
			buildConfigurations = (
				7742809A2CBC613B0073F8AD /* Debug */,
				7742809B2CBC613B0073F8AD /* Release */,
			);
			defaultConfigurationIsVisible = 0;
			defaultConfigurationName = Release;
		};
		7742809C2CBC613B0073F8AD /* Build configuration list for PBXNativeTarget "ContactApp" */ = {
			isa = XCConfigurationList;
			buildConfigurations = (
				7742809D2CBC613B0073F8AD /* Debug */,
				7742809E2CBC613B0073F8AD /* Release */,
			);
			defaultConfigurationIsVisible = 0;
			defaultConfigurationName = Release;
		};
		7742809F2CBC613B0073F8AD /* Build configuration list for PBXNativeTarget "ContactAppTests" */ = {
			isa = XCConfigurationList;
			buildConfigurations = (
				774280A02CBC613B0073F8AD /* Debug */,
				774280A12CBC613B0073F8AD /* Release */,
			);
			defaultConfigurationIsVisible = 0;
			defaultConfigurationName = Release;
		};
		774280A22CBC613B0073F8AD /* Build configuration list for PBXNativeTarget "ContactAppUITests" */ = {
			isa = XCConfigurationList;
			buildConfigurations = (
				774280A32CBC613B0073F8AD /* Debug */,
				774280A42CBC613B0073F8AD /* Release */,
			);
			defaultConfigurationIsVisible = 0;
			defaultConfigurationName = Release;
		};
/* End XCConfigurationList section */

/* Begin XCVersionGroup section */
		7742807B2CBC61370073F8AD /* ContactApp.xcdatamodeld */ = {
			isa = XCVersionGroup;
			children = (
				7742807C2CBC61370073F8AD /* ContactApp.xcdatamodel */,
			);
			currentVersion = 7742807C2CBC61370073F8AD /* ContactApp.xcdatamodel */;
			path = ContactApp.xcdatamodeld;
			sourceTree = "<group>";
			versionGroupType = wrapper.xcdatamodel;
		};
/* End XCVersionGroup section */
	};
	rootObject = 774280672CBC61370073F8AD /* Project object */;
}
